
Microsoft Visual Studio Solution File, Format Version 12.00
# Visual Studio Version 17
VisualStudioVersion = 17.2.32516.85
MinimumVisualStudioVersion = 10.0.40219.1
Project("{9A19103F-16F7-4668-BE54-9A1E7A4F7556}") = "Shop", "Shop\Shop.csproj", "{EDE14B28-D6D0-4A67-A3E5-99FAA5105411}"
EndProject
Project("{9A19103F-16F7-4668-BE54-9A1E7A4F7556}") = "Shop.Core", "Shop.Core\Shop.Core.csproj", "{8A0864A4-9FAB-4E84-977E-5FE6F42E586C}"
EndProject
Project("{9A19103F-16F7-4668-BE54-9A1E7A4F7556}") = "Shop.ViewModels", "Shop.ViewModels\Shop.ViewModels.csproj", "{9D4C8203-E604-4A08-85E7-A6AE61BD261A}"
EndProject
Project("{9A19103F-16F7-4668-BE54-9A1E7A4F7556}") = "Shop.Persistence", "Shop.Persistence\Shop.Persistence.csproj", "{0A186DF1-C0B5-4962-B7AC-1F81C78B899F}"
EndProject
Project("{9A19103F-16F7-4668-BE54-9A1E7A4F7556}") = "Shop.Models", "Shop.Models\Shop.Models.csproj", "{F40AA42E-CD7D-4C7D-91E2-C83C4DA015C8}"
EndProject
Project("{FAE04EC0-301F-11D3-BF4B-00C04F79EFBC}") = "Constants", "Constants\Constants.csproj", "{3EAFB31F-354C-416A-81CC-80FA163AA7C5}"
EndProject
Global
	GlobalSection(SolutionConfigurationPlatforms) = preSolution
		Debug|Any CPU = Debug|Any CPU
		Release|Any CPU = Release|Any CPU
	EndGlobalSection
	GlobalSection(ProjectConfigurationPlatforms) = postSolution
		{EDE14B28-D6D0-4A67-A3E5-99FAA5105411}.Debug|Any CPU.ActiveCfg = Debug|Any CPU
		{EDE14B28-D6D0-4A67-A3E5-99FAA5105411}.Debug|Any CPU.Build.0 = Debug|Any CPU
		{EDE14B28-D6D0-4A67-A3E5-99FAA5105411}.Release|Any CPU.ActiveCfg = Release|Any CPU
		{EDE14B28-D6D0-4A67-A3E5-99FAA5105411}.Release|Any CPU.Build.0 = Release|Any CPU
		{8A0864A4-9FAB-4E84-977E-5FE6F42E586C}.Debug|Any CPU.ActiveCfg = Debug|Any CPU
		{8A0864A4-9FAB-4E84-977E-5FE6F42E586C}.Debug|Any CPU.Build.0 = Debug|Any CPU
		{8A0864A4-9FAB-4E84-977E-5FE6F42E586C}.Release|Any CPU.ActiveCfg = Release|Any CPU
		{8A0864A4-9FAB-4E84-977E-5FE6F42E586C}.Release|Any CPU.Build.0 = Release|Any CPU
		{9D4C8203-E604-4A08-85E7-A6AE61BD261A}.Debug|Any CPU.ActiveCfg = Debug|Any CPU
		{9D4C8203-E604-4A08-85E7-A6AE61BD261A}.Debug|Any CPU.Build.0 = Debug|Any CPU
		{9D4C8203-E604-4A08-85E7-A6AE61BD261A}.Release|Any CPU.ActiveCfg = Release|Any CPU
		{9D4C8203-E604-4A08-85E7-A6AE61BD261A}.Release|Any CPU.Build.0 = Release|Any CPU
		{0A186DF1-C0B5-4962-B7AC-1F81C78B899F}.Debug|Any CPU.ActiveCfg = Debug|Any CPU
		{0A186DF1-C0B5-4962-B7AC-1F81C78B899F}.Debug|Any CPU.Build.0 = Debug|Any CPU
		{0A186DF1-C0B5-4962-B7AC-1F81C78B899F}.Release|Any CPU.ActiveCfg = Release|Any CPU
		{0A186DF1-C0B5-4962-B7AC-1F81C78B899F}.Release|Any CPU.Build.0 = Release|Any CPU
		{F40AA42E-CD7D-4C7D-91E2-C83C4DA015C8}.Debug|Any CPU.ActiveCfg = Debug|Any CPU
		{F40AA42E-CD7D-4C7D-91E2-C83C4DA015C8}.Debug|Any CPU.Build.0 = Debug|Any CPU
		{F40AA42E-CD7D-4C7D-91E2-C83C4DA015C8}.Release|Any CPU.ActiveCfg = Release|Any CPU
		{F40AA42E-CD7D-4C7D-91E2-C83C4DA015C8}.Release|Any CPU.Build.0 = Release|Any CPU
		{3EAFB31F-354C-416A-81CC-80FA163AA7C5}.Debug|Any CPU.ActiveCfg = Debug|Any CPU
		{3EAFB31F-354C-416A-81CC-80FA163AA7C5}.Debug|Any CPU.Build.0 = Debug|Any CPU
		{3EAFB31F-354C-416A-81CC-80FA163AA7C5}.Release|Any CPU.ActiveCfg = Release|Any CPU
		{3EAFB31F-354C-416A-81CC-80FA163AA7C5}.Release|Any CPU.Build.0 = Release|Any CPU
	EndGlobalSection
	GlobalSection(SolutionProperties) = preSolution
		HideSolutionNode = FALSE
	EndGlobalSection
	GlobalSection(ExtensibilityGlobals) = postSolution
		SolutionGuid = {A045F192-4A9A-4733-B3F5-0151FBC32F4B}
	EndGlobalSection
EndGlobal
